
Microsoft Visual Studio Solution File, Format Version 12.00
# Visual Studio Version 17
VisualStudioVersion = 17.1.31911.260
MinimumVisualStudioVersion = 10.0.40219.1
Project("{FAE04EC0-301F-11D3-BF4B-00C04F79EFBC}") = "HighSpeedRailwayTimeTable", "HighSpeedRailwayTimeTable.csproj", "{52DBDB49-19E9-4D9B-9A5D-25F6CB94D01C}"
EndProject
Global
	GlobalSection(SolutionConfigurationPlatforms) = preSolution
		Debug|Any CPU = Debug|Any CPU
		Release|Any CPU = Release|Any CPU
	EndGlobalSection
	GlobalSection(ProjectConfigurationPlatforms) = postSolution
		{52DBDB49-19E9-4D9B-9A5D-25F6CB94D01C}.Debug|Any CPU.ActiveCfg = Debug|Any CPU
		{52DBDB49-19E9-4D9B-9A5D-25F6CB94D01C}.Debug|Any CPU.Build.0 = Debug|Any CPU
		{52DBDB49-19E9-4D9B-9A5D-25F6CB94D01C}.Release|Any CPU.ActiveCfg = Release|Any CPU
		{52DBDB49-19E9-4D9B-9A5D-25F6CB94D01C}.Release|Any CPU.Build.0 = Release|Any CPU
	EndGlobalSection
	GlobalSection(SolutionProperties) = preSolution
		HideSolutionNode = FALSE
	EndGlobalSection
	GlobalSection(ExtensibilityGlobals) = postSolution
		SolutionGuid = {FA915B90-E697-4F63-80A8-060ACA152489}
	EndGlobalSection
EndGlobal
